
Microsoft Visual Studio Solution File, Format Version 12.00
# Visual Studio Version 17
VisualStudioVersion = 17.10.35004.147
MinimumVisualStudioVersion = 10.0.40219.1
Project("{FAE04EC0-301F-11D3-BF4B-00C04F79EFBC}") = "ForEach", "ForEach\ForEach.csproj", "{C13068CE-5577-41D4-8F60-D752B2C20E12}"
EndProject
Global
	GlobalSection(SolutionConfigurationPlatforms) = preSolution
		Debug|Any CPU = Debug|Any CPU
		Release|Any CPU = Release|Any CPU
	EndGlobalSection
	GlobalSection(ProjectConfigurationPlatforms) = postSolution
		{C13068CE-5577-41D4-8F60-D752B2C20E12}.Debug|Any CPU.ActiveCfg = Debug|Any CPU
		{C13068CE-5577-41D4-8F60-D752B2C20E12}.Debug|Any CPU.Build.0 = Debug|Any CPU
		{C13068CE-5577-41D4-8F60-D752B2C20E12}.Release|Any CPU.ActiveCfg = Release|Any CPU
		{C13068CE-5577-41D4-8F60-D752B2C20E12}.Release|Any CPU.Build.0 = Release|Any CPU
	EndGlobalSection
	GlobalSection(SolutionProperties) = preSolution
		HideSolutionNode = FALSE
	EndGlobalSection
	GlobalSection(ExtensibilityGlobals) = postSolution
		SolutionGuid = {7259157E-E0D9-4279-96FA-4DEE7BB54DAF}
	EndGlobalSection
EndGlobal
